
Microsoft Visual Studio Solution File, Format Version 12.00
# Visual Studio Version 16
VisualStudioVersion = 16.0.31004.235
MinimumVisualStudioVersion = 10.0.40219.1
Project("{9A19103F-16F7-4668-BE54-9A1E7A4F7556}") = "megaphone.standard", "megaphone.standard.csproj", "{3C4F81B0-8B36-4FFA-B37C-B8348BCCEDC2}"
EndProject
Project("{9A19103F-16F7-4668-BE54-9A1E7A4F7556}") = "megaphone.standard.tests", "..\megaphone.standard.tests\megaphone.standard.tests.csproj", "{2D457244-8BC6-4027-8F5D-21013447ADFF}"
EndProject
Global
	GlobalSection(SolutionConfigurationPlatforms) = preSolution
		Debug|Any CPU = Debug|Any CPU
		Release|Any CPU = Release|Any CPU
	EndGlobalSection
	GlobalSection(ProjectConfigurationPlatforms) = postSolution
		{3C4F81B0-8B36-4FFA-B37C-B8348BCCEDC2}.Debug|Any CPU.ActiveCfg = Debug|Any CPU
		{3C4F81B0-8B36-4FFA-B37C-B8348BCCEDC2}.Debug|Any CPU.Build.0 = Debug|Any CPU
		{3C4F81B0-8B36-4FFA-B37C-B8348BCCEDC2}.Release|Any CPU.ActiveCfg = Release|Any CPU
		{3C4F81B0-8B36-4FFA-B37C-B8348BCCEDC2}.Release|Any CPU.Build.0 = Release|Any CPU
		{2D457244-8BC6-4027-8F5D-21013447ADFF}.Debug|Any CPU.ActiveCfg = Debug|Any CPU
		{2D457244-8BC6-4027-8F5D-21013447ADFF}.Debug|Any CPU.Build.0 = Debug|Any CPU
		{2D457244-8BC6-4027-8F5D-21013447ADFF}.Release|Any CPU.ActiveCfg = Release|Any CPU
		{2D457244-8BC6-4027-8F5D-21013447ADFF}.Release|Any CPU.Build.0 = Release|Any CPU
	EndGlobalSection
	GlobalSection(SolutionProperties) = preSolution
		HideSolutionNode = FALSE
	EndGlobalSection
	GlobalSection(ExtensibilityGlobals) = postSolution
		SolutionGuid = {882F0D4F-07DA-4620-AB52-EE1EF2A266B9}
	EndGlobalSection
EndGlobal
